
Microsoft Visual Studio Solution File, Format Version 12.00
# Visual Studio Version 17
VisualStudioVersion = 17.11.35208.52
MinimumVisualStudioVersion = 10.0.40219.1
Project("{FAE04EC0-301F-11D3-BF4B-00C04F79EFBC}") = "git", "git\git.csproj", "{4EBA4D6E-C918-4C2C-8060-5EA933518222}"
EndProject
Global
	GlobalSection(SolutionConfigurationPlatforms) = preSolution
		Debug|Any CPU = Debug|Any CPU
		Release|Any CPU = Release|Any CPU
	EndGlobalSection
	GlobalSection(ProjectConfigurationPlatforms) = postSolution
		{4EBA4D6E-C918-4C2C-8060-5EA933518222}.Debug|Any CPU.ActiveCfg = Debug|Any CPU
		{4EBA4D6E-C918-4C2C-8060-5EA933518222}.Debug|Any CPU.Build.0 = Debug|Any CPU
		{4EBA4D6E-C918-4C2C-8060-5EA933518222}.Debug|Any CPU.Deploy.0 = Debug|Any CPU
		{4EBA4D6E-C918-4C2C-8060-5EA933518222}.Release|Any CPU.ActiveCfg = Release|Any CPU
		{4EBA4D6E-C918-4C2C-8060-5EA933518222}.Release|Any CPU.Build.0 = Release|Any CPU
		{4EBA4D6E-C918-4C2C-8060-5EA933518222}.Release|Any CPU.Deploy.0 = Release|Any CPU
	EndGlobalSection
	GlobalSection(SolutionProperties) = preSolution
		HideSolutionNode = FALSE
	EndGlobalSection
	GlobalSection(ExtensibilityGlobals) = postSolution
		SolutionGuid = {9D432719-08A7-4E72-8C5C-8830FB4ED77F}
	EndGlobalSection
EndGlobal
